# THIS IS AN AUTOGENERATED FILE. DO NOT EDIT THIS FILE DIRECTLY.
# yarn lockfile v1


"@types/node@^20.11.25":
  version "20.12.7"
  resolved "https://registry.npmmirror.com/@types/node/-/node-20.12.7.tgz#04080362fa3dd6c5822061aa3124f5c152cff384"
  integrity sha512-wq0cICSkRLVaf3UGLMGItu/PtdY7oaXaI/RVU+xliKVOtRna3PRY57ZDfztpDL0n11vfymMUnXv8QwYCO7L1wg==
  dependencies:
    undici-types "~5.26.4"

"charenc@>= 0.0.1":
  version "0.0.2"
  resolved "https://registry.npmmirror.com/charenc/-/charenc-0.0.2.tgz#c0a1d2f3a7092e03774bfa83f14c0fc5790a8667"
  integrity sha512-yrLQ/yVUFXkzg7EDQsPieE/53+0RlaWTs+wBrvW36cyilJ2SaDWfl4Yj7MtLTXleV9uEKefbAGUPv2/iWSooRA==

"crypt@>= 0.0.1":
  version "0.0.2"
  resolved "https://registry.npmmirror.com/crypt/-/crypt-0.0.2.tgz#88d7ff7ec0dfb86f713dc87bbb42d044d3e6c41b"
  integrity sha512-mCxBlsHFYh9C+HVpiEacem8FEBnMXgU9gy4zmNC+SXAZNB/1idgp/aulFJ4FgCi7GPEVbfyng092GqL2k2rmow==

crypto-js@^4.2.0:
  version "4.2.0"
  resolved "https://registry.npmmirror.com/crypto-js/-/crypto-js-4.2.0.tgz#4d931639ecdfd12ff80e8186dba6af2c2e856631"
  integrity sha512-KALDyEYgpY+Rlob/iriUtjV6d5Eq+Y191A5g4UqLAi8CyGP9N1+FdVbkc1SxKc2r4YAYqG8JzO2KGL+AizD70Q==

dayjs@^1.11.10:
  version "1.11.10"
  resolved "https://registry.npmmirror.com/dayjs/-/dayjs-1.11.10.tgz#68acea85317a6e164457d6d6947564029a6a16a0"
  integrity sha512-vjAczensTgRcqDERK0SR2XMwsF/tSvnvlv6VcF2GIhg6Sx4yOIt/irsr1RDJsKiIyBzJDpCoXiWWq28MqH2cnQ==

jweixin-module@^1.6.0:
  version "1.6.0"
  resolved "https://registry.npmmirror.com/jweixin-module/-/jweixin-module-1.6.0.tgz#4a7ea614083e3c9c3f49e2fdc2bb882cfa58dfcd"
  integrity sha512-dGk9cf+ipipHmtzYmKZs5B2toX+p4hLyllGLF6xuC8t+B05oYxd8fYoaRz0T30U2n3RUv8a4iwvjhA+OcYz52w==

sha1@^1.1.1:
  version "1.1.1"
  resolved "https://registry.npmmirror.com/sha1/-/sha1-1.1.1.tgz#addaa7a93168f393f19eb2b15091618e2700f848"
  integrity sha512-dZBS6OrMjtgVkopB1Gmo4RQCDKiZsqcpAQpkV/aaj+FCrCg8r4I4qMkDPQjBgLIxlmu9k4nUbWq6ohXahOneYA==
  dependencies:
    charenc ">= 0.0.1"
    crypt ">= 0.0.1"

undici-types@~5.26.4:
  version "5.26.5"
  resolved "https://registry.npmmirror.com/undici-types/-/undici-types-5.26.5.tgz#bcd539893d00b56e964fd2657a4866b221a65617"
  integrity sha512-JlCMO+ehdEIKqlFxk6IfVoAUVmgz7cU7zD/h9XZ0qzeosSHmUJVOzSQvvYSYWXkFXC+IfLKSIffhv0sVZup6pA==

uni-simple-router@^2.0.8-beta.4:
  version "2.0.8-beta.4"
  resolved "https://registry.npmmirror.com/uni-simple-router/-/uni-simple-router-2.0.8-beta.4.tgz#2f86ef17b361c251e14361ffd860a82669770cc5"
  integrity sha512-ipTHhOaRvjV8qrt3HosX5pNMhwFYBnFOuKyV5joH0evfXubjrGI5tjdwpmwzfW5h3VBth3iAqScv+pW/QmIJXw==

weixin-js-sdk@^1.6.5:
  version "1.6.5"
  resolved "https://registry.npmmirror.com/weixin-js-sdk/-/weixin-js-sdk-1.6.5.tgz#01fe5220b91dbfe089fc0730d061be0e68271e6a"
  integrity sha512-Gph1WAWB2YN/lMOFB/ymb+hbU/wYazzJgu6PMMktCy9cSCeW5wA6Zwt0dpahJbJ+RJEwtTv2x9iIu0U4enuVSQ==
